
Microsoft Visual Studio Solution File, Format Version 12.00
# Visual Studio Version 17
VisualStudioVersion = 17.4.33205.214
MinimumVisualStudioVersion = 10.0.40219.1
Project("{FAE04EC0-301F-11D3-BF4B-00C04F79EFBC}") = "E3", "E3.csproj", "{62C15887-DFB9-473F-A786-9BE32F99E15A}"
EndProject
Global
	GlobalSection(SolutionConfigurationPlatforms) = preSolution
		Debug|Any CPU = Debug|Any CPU
		Debug|x64 = Debug|x64
		Release|Any CPU = Release|Any CPU
		Release|x64 = Release|x64
	EndGlobalSection
	GlobalSection(ProjectConfigurationPlatforms) = postSolution
		{62C15887-DFB9-473F-A786-9BE32F99E15A}.Debug|Any CPU.ActiveCfg = Debug|Any CPU
		{62C15887-DFB9-473F-A786-9BE32F99E15A}.Debug|Any CPU.Build.0 = Debug|Any CPU
		{62C15887-DFB9-473F-A786-9BE32F99E15A}.Debug|x64.ActiveCfg = Debug|x64
		{62C15887-DFB9-473F-A786-9BE32F99E15A}.Debug|x64.Build.0 = Debug|x64
		{62C15887-DFB9-473F-A786-9BE32F99E15A}.Release|Any CPU.ActiveCfg = Release|Any CPU
		{62C15887-DFB9-473F-A786-9BE32F99E15A}.Release|Any CPU.Build.0 = Release|Any CPU
		{62C15887-DFB9-473F-A786-9BE32F99E15A}.Release|x64.ActiveCfg = Release|x64
		{62C15887-DFB9-473F-A786-9BE32F99E15A}.Release|x64.Build.0 = Release|x64
	EndGlobalSection
	GlobalSection(SolutionProperties) = preSolution
		HideSolutionNode = FALSE
	EndGlobalSection
	GlobalSection(ExtensibilityGlobals) = postSolution
		SolutionGuid = {498CC72A-2D0B-466C-A93E-6A1BED3071F1}
	EndGlobalSection
EndGlobal
